Microsoft Visual Studio Solution File, Format Version 12.00
# Visual Studio 15
Project("{FAE04EC0-301F-11D3-BF4B-00C04F79EFBC}") = "LastLight.GodotClient", "LastLight.GodotClient.csproj", "{194F778D-7E42-46E2-BE5B-59240AC66E0D}"
EndProject
Global
	GlobalSection(SolutionConfigurationPlatforms) = preSolution
		Debug|Any CPU = Debug|Any CPU
		ExportDebug|Any CPU = ExportDebug|Any CPU
		ExportRelease|Any CPU = ExportRelease|Any CPU
	EndGlobalSection
	GlobalSection(ProjectConfigurationPlatforms) = postSolution
		{194F778D-7E42-46E2-BE5B-59240AC66E0D}.Debug|Any CPU.ActiveCfg = Debug|Any CPU
		{194F778D-7E42-46E2-BE5B-59240AC66E0D}.Debug|Any CPU.Build.0 = Debug|Any CPU
		{194F778D-7E42-46E2-BE5B-59240AC66E0D}.ExportDebug|Any CPU.ActiveCfg = ExportDebug|Any CPU
		{194F778D-7E42-46E2-BE5B-59240AC66E0D}.ExportDebug|Any CPU.Build.0 = ExportDebug|Any CPU
		{194F778D-7E42-46E2-BE5B-59240AC66E0D}.ExportRelease|Any CPU.ActiveCfg = ExportRelease|Any CPU
		{194F778D-7E42-46E2-BE5B-59240AC66E0D}.ExportRelease|Any CPU.Build.0 = ExportRelease|Any CPU
	EndGlobalSection
EndGlobal
